
Microsoft Visual Studio Solution File, Format Version 12.00
# Visual Studio Version 16
VisualStudioVersion = 16.0.30104.148
MinimumVisualStudioVersion = 10.0.40219.1
Project("{FAE04EC0-301F-11D3-BF4B-00C04F79EFBC}") = "Quotes.UWP", "Quotes\Quotes.UWP\Quotes.UWP.csproj", "{6AA5F487-E72F-4AE2-A011-59B2EE944349}"
EndProject
Project("{FAE04EC0-301F-11D3-BF4B-00C04F79EFBC}") = "Quotes.Android", "Quotes\Quotes.Android\Quotes.Android.csproj", "{B5C75B0C-2502-4694-84C9-1CB9E92C0D14}"
EndProject
Project("{FAE04EC0-301F-11D3-BF4B-00C04F79EFBC}") = "Quotes.iOS", "Quotes\Quotes.iOS\Quotes.iOS.csproj", "{8EA36151-D463-4109-8804-A5ED9200D678}"
EndProject
Project("{FAE04EC0-301F-11D3-BF4B-00C04F79EFBC}") = "Quotes", "Quotes\Quotes\Quotes.csproj", "{4A611E73-DBCF-47FA-ADD3-E59194EDE048}"
EndProject
Global
	GlobalSection(SolutionConfigurationPlatforms) = preSolution
		Debug|Any CPU = Debug|Any CPU
		Debug|ARM = Debug|ARM
		Debug|iPhone = Debug|iPhone
		Debug|iPhoneSimulator = Debug|iPhoneSimulator
		Debug|x64 = Debug|x64
		Debug|x86 = Debug|x86
		Release|Any CPU = Release|Any CPU
		Release|ARM = Release|ARM
		Release|iPhone = Release|iPhone
		Release|iPhoneSimulator = Release|iPhoneSimulator
		Release|x64 = Release|x64
		Release|x86 = Release|x86
	EndGlobalSection
	GlobalSection(ProjectConfigurationPlatforms) = postSolution
		{6AA5F487-E72F-4AE2-A011-59B2EE944349}.Debug|Any CPU.ActiveCfg = Debug|x86
		{6AA5F487-E72F-4AE2-A011-59B2EE944349}.Debug|Any CPU.Build.0 = Debug|x86
		{6AA5F487-E72F-4AE2-A011-59B2EE944349}.Debug|Any CPU.Deploy.0 = Debug|x86
		{6AA5F487-E72F-4AE2-A011-59B2EE944349}.Debug|ARM.ActiveCfg = Debug|ARM
		{6AA5F487-E72F-4AE2-A011-59B2EE944349}.Debug|ARM.Build.0 = Debug|ARM
		{6AA5F487-E72F-4AE2-A011-59B2EE944349}.Debug|ARM.Deploy.0 = Debug|ARM
		{6AA5F487-E72F-4AE2-A011-59B2EE944349}.Debug|iPhone.ActiveCfg = Debug|x86
		{6AA5F487-E72F-4AE2-A011-59B2EE944349}.Debug|iPhone.Build.0 = Debug|x86
		{6AA5F487-E72F-4AE2-A011-59B2EE944349}.Debug|iPhone.Deploy.0 = Debug|x86
		{6AA5F487-E72F-4AE2-A011-59B2EE944349}.Debug|iPhoneSimulator.ActiveCfg = Debug|x86
		{6AA5F487-E72F-4AE2-A011-59B2EE944349}.Debug|iPhoneSimulator.Build.0 = Debug|x86
		{6AA5F487-E72F-4AE2-A011-59B2EE944349}.Debug|iPhoneSimulator.Deploy.0 = Debug|x86
		{6AA5F487-E72F-4AE2-A011-59B2EE944349}.Debug|x64.ActiveCfg = Debug|x64
		{6AA5F487-E72F-4AE2-A011-59B2EE944349}.Debug|x64.Build.0 = Debug|x64
		{6AA5F487-E72F-4AE2-A011-59B2EE944349}.Debug|x64.Deploy.0 = Debug|x64
		{6AA5F487-E72F-4AE2-A011-59B2EE944349}.Debug|x86.ActiveCfg = Debug|x86
		{6AA5F487-E72F-4AE2-A011-59B2EE944349}.Debug|x86.Build.0 = Debug|x86
		{6AA5F487-E72F-4AE2-A011-59B2EE944349}.Debug|x86.Deploy.0 = Debug|x86
		{6AA5F487-E72F-4AE2-A011-59B2EE944349}.Release|Any CPU.ActiveCfg = Release|x86
		{6AA5F487-E72F-4AE2-A011-59B2EE944349}.Release|Any CPU.Build.0 = Release|x86
		{6AA5F487-E72F-4AE2-A011-59B2EE944349}.Release|Any CPU.Deploy.0 = Release|x86
		{6AA5F487-E72F-4AE2-A011-59B2EE944349}.Release|ARM.ActiveCfg = Release|ARM
		{6AA5F487-E72F-4AE2-A011-59B2EE944349}.Release|ARM.Build.0 = Release|ARM
		{6AA5F487-E72F-4AE2-A011-59B2EE944349}.Release|ARM.Deploy.0 = Release|ARM
		{6AA5F487-E72F-4AE2-A011-59B2EE944349}.Release|iPhone.ActiveCfg = Release|x86
		{6AA5F487-E72F-4AE2-A011-59B2EE944349}.Release|iPhone.Build.0 = Release|x86
		{6AA5F487-E72F-4AE2-A011-59B2EE944349}.Release|iPhone.Deploy.0 = Release|x86
		{6AA5F487-E72F-4AE2-A011-59B2EE944349}.Release|iPhoneSimulator.ActiveCfg = Release|x86
		{6AA5F487-E72F-4AE2-A011-59B2EE944349}.Release|iPhoneSimulator.Build.0 = Release|x86
		{6AA5F487-E72F-4AE2-A011-59B2EE944349}.Release|iPhoneSimulator.Deploy.0 = Release|x86
		{6AA5F487-E72F-4AE2-A011-59B2EE944349}.Release|x64.ActiveCfg = Release|x64
		{6AA5F487-E72F-4AE2-A011-59B2EE944349}.Release|x64.Build.0 = Release|x64
		{6AA5F487-E72F-4AE2-A011-59B2EE944349}.Release|x64.Deploy.0 = Release|x64
		{6AA5F487-E72F-4AE2-A011-59B2EE944349}.Release|x86.ActiveCfg = Release|x86
		{6AA5F487-E72F-4AE2-A011-59B2EE944349}.Release|x86.Build.0 = Release|x86
		{6AA5F487-E72F-4AE2-A011-59B2EE944349}.Release|x86.Deploy.0 = Release|x86
		{B5C75B0C-2502-4694-84C9-1CB9E92C0D14}.Debug|Any CPU.ActiveCfg = Debug|Any CPU
		{B5C75B0C-2502-4694-84C9-1CB9E92C0D14}.Debug|Any CPU.Build.0 = Debug|Any CPU
		{B5C75B0C-2502-4694-84C9-1CB9E92C0D14}.Debug|Any CPU.Deploy.0 = Debug|Any CPU
		{B5C75B0C-2502-4694-84C9-1CB9E92C0D14}.Debug|ARM.ActiveCfg = Debug|Any CPU
		{B5C75B0C-2502-4694-84C9-1CB9E92C0D14}.Debug|ARM.Build.0 = Debug|Any CPU
		{B5C75B0C-2502-4694-84C9-1CB9E92C0D14}.Debug|ARM.Deploy.0 = Debug|Any CPU
		{B5C75B0C-2502-4694-84C9-1CB9E92C0D14}.Debug|iPhone.ActiveCfg = Debug|Any CPU
		{B5C75B0C-2502-4694-84C9-1CB9E92C0D14}.Debug|iPhone.Build.0 = Debug|Any CPU
		{B5C75B0C-2502-4694-84C9-1CB9E92C0D14}.Debug|iPhone.Deploy.0 = Debug|Any CPU
		{B5C75B0C-2502-4694-84C9-1CB9E92C0D14}.Debug|iPhoneSimulator.ActiveCfg = Debug|Any CPU
		{B5C75B0C-2502-4694-84C9-1CB9E92C0D14}.Debug|iPhoneSimulator.Build.0 = Debug|Any CPU
		{B5C75B0C-2502-4694-84C9-1CB9E92C0D14}.Debug|iPhoneSimulator.Deploy.0 = Debug|Any CPU
		{B5C75B0C-2502-4694-84C9-1CB9E92C0D14}.Debug|x64.ActiveCfg = Debug|Any CPU
		{B5C75B0C-2502-4694-84C9-1CB9E92C0D14}.Debug|x64.Build.0 = Debug|Any CPU
		{B5C75B0C-2502-4694-84C9-1CB9E92C0D14}.Debug|x64.Deploy.0 = Debug|Any CPU
		{B5C75B0C-2502-4694-84C9-1CB9E92C0D14}.Debug|x86.ActiveCfg = Debug|Any CPU
		{B5C75B0C-2502-4694-84C9-1CB9E92C0D14}.Debug|x86.Build.0 = Debug|Any CPU
		{B5C75B0C-2502-4694-84C9-1CB9E92C0D14}.Debug|x86.Deploy.0 = Debug|Any CPU
		{B5C75B0C-2502-4694-84C9-1CB9E92C0D14}.Release|Any CPU.ActiveCfg = Release|Any CPU
		{B5C75B0C-2502-4694-84C9-1CB9E92C0D14}.Release|Any CPU.Build.0 = Release|Any CPU
		{B5C75B0C-2502-4694-84C9-1CB9E92C0D14}.Release|Any CPU.Deploy.0 = Release|Any CPU
		{B5C75B0C-2502-4694-84C9-1CB9E92C0D14}.Release|ARM.ActiveCfg = Release|Any CPU
		{B5C75B0C-2502-4694-84C9-1CB9E92C0D14}.Release|ARM.Build.0 = Release|Any CPU
		{B5C75B0C-2502-4694-84C9-1CB9E92C0D14}.Release|ARM.Deploy.0 = Release|Any CPU
		{B5C75B0C-2502-4694-84C9-1CB9E92C0D14}.Release|iPhone.ActiveCfg = Release|Any CPU
		{B5C75B0C-2502-4694-84C9-1CB9E92C0D14}.Release|iPhone.Build.0 = Release|Any CPU
		{B5C75B0C-2502-4694-84C9-1CB9E92C0D14}.Release|iPhone.Deploy.0 = Release|Any CPU
		{B5C75B0C-2502-4694-84C9-1CB9E92C0D14}.Release|iPhoneSimulator.ActiveCfg = Release|Any CPU
		{B5C75B0C-2502-4694-84C9-1CB9E92C0D14}.Release|iPhoneSimulator.Build.0 = Release|Any CPU
		{B5C75B0C-2502-4694-84C9-1CB9E92C0D14}.Release|iPhoneSimulator.Deploy.0 = Release|Any CPU
		{B5C75B0C-2502-4694-84C9-1CB9E92C0D14}.Release|x64.ActiveCfg = Release|Any CPU
		{B5C75B0C-2502-4694-84C9-1CB9E92C0D14}.Release|x64.Build.0 = Release|Any CPU
		{B5C75B0C-2502-4694-84C9-1CB9E92C0D14}.Release|x64.Deploy.0 = Release|Any CPU
		{B5C75B0C-2502-4694-84C9-1CB9E92C0D14}.Release|x86.ActiveCfg = Release|Any CPU
		{B5C75B0C-2502-4694-84C9-1CB9E92C0D14}.Release|x86.Build.0 = Release|Any CPU
		{B5C75B0C-2502-4694-84C9-1CB9E92C0D14}.Release|x86.Deploy.0 = Release|Any CPU
		{8EA36151-D463-4109-8804-A5ED9200D678}.Debug|Any CPU.ActiveCfg = Debug|iPhone
		{8EA36151-D463-4109-8804-A5ED9200D678}.Debug|Any CPU.Build.0 = Debug|iPhone
		{8EA36151-D463-4109-8804-A5ED9200D678}.Debug|Any CPU.Deploy.0 = Debug|iPhone
		{8EA36151-D463-4109-8804-A5ED9200D678}.Debug|ARM.ActiveCfg = Debug|iPhone
		{8EA36151-D463-4109-8804-A5ED9200D678}.Debug|ARM.Build.0 = Debug|iPhone
		{8EA36151-D463-4109-8804-A5ED9200D678}.Debug|ARM.Deploy.0 = Debug|iPhone
		{8EA36151-D463-4109-8804-A5ED9200D678}.Debug|iPhone.ActiveCfg = Debug|iPhone
		{8EA36151-D463-4109-8804-A5ED9200D678}.Debug|iPhone.Build.0 = Debug|iPhone
		{8EA36151-D463-4109-8804-A5ED9200D678}.Debug|iPhone.Deploy.0 = Debug|iPhone
		{8EA36151-D463-4109-8804-A5ED9200D678}.Debug|iPhoneSimulator.ActiveCfg = Debug|iPhoneSimulator
		{8EA36151-D463-4109-8804-A5ED9200D678}.Debug|iPhoneSimulator.Build.0 = Debug|iPhoneSimulator
		{8EA36151-D463-4109-8804-A5ED9200D678}.Debug|iPhoneSimulator.Deploy.0 = Debug|iPhoneSimulator
		{8EA36151-D463-4109-8804-A5ED9200D678}.Debug|x64.ActiveCfg = Debug|iPhone
		{8EA36151-D463-4109-8804-A5ED9200D678}.Debug|x64.Build.0 = Debug|iPhone
		{8EA36151-D463-4109-8804-A5ED9200D678}.Debug|x64.Deploy.0 = Debug|iPhone
		{8EA36151-D463-4109-8804-A5ED9200D678}.Debug|x86.ActiveCfg = Debug|iPhone
		{8EA36151-D463-4109-8804-A5ED9200D678}.Debug|x86.Build.0 = Debug|iPhone
		{8EA36151-D463-4109-8804-A5ED9200D678}.Debug|x86.Deploy.0 = Debug|iPhone
		{8EA36151-D463-4109-8804-A5ED9200D678}.Release|Any CPU.ActiveCfg = Release|iPhone
		{8EA36151-D463-4109-8804-A5ED9200D678}.Release|Any CPU.Build.0 = Release|iPhone
		{8EA36151-D463-4109-8804-A5ED9200D678}.Release|Any CPU.Deploy.0 = Release|iPhone
		{8EA36151-D463-4109-8804-A5ED9200D678}.Release|ARM.ActiveCfg = Release|iPhone
		{8EA36151-D463-4109-8804-A5ED9200D678}.Release|ARM.Build.0 = Release|iPhone
		{8EA36151-D463-4109-8804-A5ED9200D678}.Release|ARM.Deploy.0 = Release|iPhone
		{8EA36151-D463-4109-8804-A5ED9200D678}.Release|iPhone.ActiveCfg = Release|iPhone
		{8EA36151-D463-4109-8804-A5ED9200D678}.Release|iPhone.Build.0 = Release|iPhone
		{8EA36151-D463-4109-8804-A5ED9200D678}.Release|iPhone.Deploy.0 = Release|iPhone
		{8EA36151-D463-4109-8804-A5ED9200D678}.Release|iPhoneSimulator.ActiveCfg = Release|iPhoneSimulator
		{8EA36151-D463-4109-8804-A5ED9200D678}.Release|iPhoneSimulator.Build.0 = Release|iPhoneSimulator
		{8EA36151-D463-4109-8804-A5ED9200D678}.Release|iPhoneSimulator.Deploy.0 = Release|iPhoneSimulator
		{8EA36151-D463-4109-8804-A5ED9200D678}.Release|x64.ActiveCfg = Release|iPhone
		{8EA36151-D463-4109-8804-A5ED9200D678}.Release|x64.Build.0 = Release|iPhone
		{8EA36151-D463-4109-8804-A5ED9200D678}.Release|x64.Deploy.0 = Release|iPhone
		{8EA36151-D463-4109-8804-A5ED9200D678}.Release|x86.ActiveCfg = Release|iPhone
		{8EA36151-D463-4109-8804-A5ED9200D678}.Release|x86.Build.0 = Release|iPhone
		{8EA36151-D463-4109-8804-A5ED9200D678}.Release|x86.Deploy.0 = Release|iPhone
		{4A611E73-DBCF-47FA-ADD3-E59194EDE048}.Debug|Any CPU.ActiveCfg = Debug|Any CPU
		{4A611E73-DBCF-47FA-ADD3-E59194EDE048}.Debug|Any CPU.Build.0 = Debug|Any CPU
		{4A611E73-DBCF-47FA-ADD3-E59194EDE048}.Debug|Any CPU.Deploy.0 = Debug|Any CPU
		{4A611E73-DBCF-47FA-ADD3-E59194EDE048}.Debug|ARM.ActiveCfg = Debug|Any CPU
		{4A611E73-DBCF-47FA-ADD3-E59194EDE048}.Debug|ARM.Build.0 = Debug|Any CPU
		{4A611E73-DBCF-47FA-ADD3-E59194EDE048}.Debug|ARM.Deploy.0 = Debug|Any CPU
		{4A611E73-DBCF-47FA-ADD3-E59194EDE048}.Debug|iPhone.ActiveCfg = Debug|Any CPU
		{4A611E73-DBCF-47FA-ADD3-E59194EDE048}.Debug|iPhone.Build.0 = Debug|Any CPU
		{4A611E73-DBCF-47FA-ADD3-E59194EDE048}.Debug|iPhone.Deploy.0 = Debug|Any CPU
		{4A611E73-DBCF-47FA-ADD3-E59194EDE048}.Debug|iPhoneSimulator.ActiveCfg = Debug|Any CPU
		{4A611E73-DBCF-47FA-ADD3-E59194EDE048}.Debug|iPhoneSimulator.Build.0 = Debug|Any CPU
		{4A611E73-DBCF-47FA-ADD3-E59194EDE048}.Debug|iPhoneSimulator.Deploy.0 = Debug|Any CPU
		{4A611E73-DBCF-47FA-ADD3-E59194EDE048}.Debug|x64.ActiveCfg = Debug|Any CPU
		{4A611E73-DBCF-47FA-ADD3-E59194EDE048}.Debug|x64.Build.0 = Debug|Any CPU
		{4A611E73-DBCF-47FA-ADD3-E59194EDE048}.Debug|x64.Deploy.0 = Debug|Any CPU
		{4A611E73-DBCF-47FA-ADD3-E59194EDE048}.Debug|x86.ActiveCfg = Debug|Any CPU
		{4A611E73-DBCF-47FA-ADD3-E59194EDE048}.Debug|x86.Build.0 = Debug|Any CPU
		{4A611E73-DBCF-47FA-ADD3-E59194EDE048}.Debug|x86.Deploy.0 = Debug|Any CPU
		{4A611E73-DBCF-47FA-ADD3-E59194EDE048}.Release|Any CPU.ActiveCfg = Release|Any CPU
		{4A611E73-DBCF-47FA-ADD3-E59194EDE048}.Release|Any CPU.Build.0 = Release|Any CPU
		{4A611E73-DBCF-47FA-ADD3-E59194EDE048}.Release|Any CPU.Deploy.0 = Release|Any CPU
		{4A611E73-DBCF-47FA-ADD3-E59194EDE048}.Release|ARM.ActiveCfg = Release|Any CPU
		{4A611E73-DBCF-47FA-ADD3-E59194EDE048}.Release|ARM.Build.0 = Release|Any CPU
		{4A611E73-DBCF-47FA-ADD3-E59194EDE048}.Release|ARM.Deploy.0 = Release|Any CPU
		{4A611E73-DBCF-47FA-ADD3-E59194EDE048}.Release|iPhone.ActiveCfg = Release|Any CPU
		{4A611E73-DBCF-47FA-ADD3-E59194EDE048}.Release|iPhone.Build.0 = Release|Any CPU
		{4A611E73-DBCF-47FA-ADD3-E59194EDE048}.Release|iPhone.Deploy.0 = Release|Any CPU
		{4A611E73-DBCF-47FA-ADD3-E59194EDE048}.Release|iPhoneSimulator.ActiveCfg = Release|Any CPU
		{4A611E73-DBCF-47FA-ADD3-E59194EDE048}.Release|iPhoneSimulator.Build.0 = Release|Any CPU
		{4A611E73-DBCF-47FA-ADD3-E59194EDE048}.Release|iPhoneSimulator.Deploy.0 = Release|Any CPU
		{4A611E73-DBCF-47FA-ADD3-E59194EDE048}.Release|x64.ActiveCfg = Release|Any CPU
		{4A611E73-DBCF-47FA-ADD3-E59194EDE048}.Release|x64.Build.0 = Release|Any CPU
		{4A611E73-DBCF-47FA-ADD3-E59194EDE048}.Release|x64.Deploy.0 = Release|Any CPU
		{4A611E73-DBCF-47FA-ADD3-E59194EDE048}.Release|x86.ActiveCfg = Release|Any CPU
		{4A611E73-DBCF-47FA-ADD3-E59194EDE048}.Release|x86.Build.0 = Release|Any CPU
		{4A611E73-DBCF-47FA-ADD3-E59194EDE048}.Release|x86.Deploy.0 = Release|Any CPU
	EndGlobalSection
	GlobalSection(SolutionProperties) = preSolution
		HideSolutionNode = FALSE
	EndGlobalSection
	GlobalSection(ExtensibilityGlobals) = postSolution
		SolutionGuid = {E87357A6-D4E1-42E1-9B35-83D655949EC6}
	EndGlobalSection
EndGlobal
