
Microsoft Visual Studio Solution File, Format Version 12.00
# Visual Studio Version 16
VisualStudioVersion = 16.0.30104.148
MinimumVisualStudioVersion = 10.0.40219.1
Project("{FAE04EC0-301F-11D3-BF4B-00C04F79EFBC}") = "Airbnb.UWP", "Airbnb\Airbnb.UWP\Airbnb.UWP.csproj", "{7B689CCF-F691-4505-9A88-E3131E5FFA90}"
EndProject
Project("{FAE04EC0-301F-11D3-BF4B-00C04F79EFBC}") = "Airbnb.Android", "Airbnb\Airbnb.Android\Airbnb.Android.csproj", "{45E87979-38F8-42E6-B30A-EFF0DFE9D036}"
EndProject
Project("{FAE04EC0-301F-11D3-BF4B-00C04F79EFBC}") = "Airbnb.iOS", "Airbnb\Airbnb.iOS\Airbnb.iOS.csproj", "{D767CFC4-7BAF-42ED-90B5-DB478E8DE3DF}"
EndProject
Project("{FAE04EC0-301F-11D3-BF4B-00C04F79EFBC}") = "Airbnb", "Airbnb\Airbnb\Airbnb.csproj", "{2E89F41A-C99D-4799-A34F-A9A4C01F6532}"
EndProject
Global
	GlobalSection(SolutionConfigurationPlatforms) = preSolution
		Debug|Any CPU = Debug|Any CPU
		Debug|ARM = Debug|ARM
		Debug|iPhone = Debug|iPhone
		Debug|iPhoneSimulator = Debug|iPhoneSimulator
		Debug|x64 = Debug|x64
		Debug|x86 = Debug|x86
		Release|Any CPU = Release|Any CPU
		Release|ARM = Release|ARM
		Release|iPhone = Release|iPhone
		Release|iPhoneSimulator = Release|iPhoneSimulator
		Release|x64 = Release|x64
		Release|x86 = Release|x86
	EndGlobalSection
	GlobalSection(ProjectConfigurationPlatforms) = postSolution
		{7B689CCF-F691-4505-9A88-E3131E5FFA90}.Debug|Any CPU.ActiveCfg = Debug|x86
		{7B689CCF-F691-4505-9A88-E3131E5FFA90}.Debug|Any CPU.Build.0 = Debug|x86
		{7B689CCF-F691-4505-9A88-E3131E5FFA90}.Debug|Any CPU.Deploy.0 = Debug|x86
		{7B689CCF-F691-4505-9A88-E3131E5FFA90}.Debug|ARM.ActiveCfg = Debug|ARM
		{7B689CCF-F691-4505-9A88-E3131E5FFA90}.Debug|ARM.Build.0 = Debug|ARM
		{7B689CCF-F691-4505-9A88-E3131E5FFA90}.Debug|ARM.Deploy.0 = Debug|ARM
		{7B689CCF-F691-4505-9A88-E3131E5FFA90}.Debug|iPhone.ActiveCfg = Debug|x86
		{7B689CCF-F691-4505-9A88-E3131E5FFA90}.Debug|iPhone.Build.0 = Debug|x86
		{7B689CCF-F691-4505-9A88-E3131E5FFA90}.Debug|iPhone.Deploy.0 = Debug|x86
		{7B689CCF-F691-4505-9A88-E3131E5FFA90}.Debug|iPhoneSimulator.ActiveCfg = Debug|x86
		{7B689CCF-F691-4505-9A88-E3131E5FFA90}.Debug|iPhoneSimulator.Build.0 = Debug|x86
		{7B689CCF-F691-4505-9A88-E3131E5FFA90}.Debug|iPhoneSimulator.Deploy.0 = Debug|x86
		{7B689CCF-F691-4505-9A88-E3131E5FFA90}.Debug|x64.ActiveCfg = Debug|x64
		{7B689CCF-F691-4505-9A88-E3131E5FFA90}.Debug|x64.Build.0 = Debug|x64
		{7B689CCF-F691-4505-9A88-E3131E5FFA90}.Debug|x64.Deploy.0 = Debug|x64
		{7B689CCF-F691-4505-9A88-E3131E5FFA90}.Debug|x86.ActiveCfg = Debug|x86
		{7B689CCF-F691-4505-9A88-E3131E5FFA90}.Debug|x86.Build.0 = Debug|x86
		{7B689CCF-F691-4505-9A88-E3131E5FFA90}.Debug|x86.Deploy.0 = Debug|x86
		{7B689CCF-F691-4505-9A88-E3131E5FFA90}.Release|Any CPU.ActiveCfg = Release|x86
		{7B689CCF-F691-4505-9A88-E3131E5FFA90}.Release|Any CPU.Build.0 = Release|x86
		{7B689CCF-F691-4505-9A88-E3131E5FFA90}.Release|Any CPU.Deploy.0 = Release|x86
		{7B689CCF-F691-4505-9A88-E3131E5FFA90}.Release|ARM.ActiveCfg = Release|ARM
		{7B689CCF-F691-4505-9A88-E3131E5FFA90}.Release|ARM.Build.0 = Release|ARM
		{7B689CCF-F691-4505-9A88-E3131E5FFA90}.Release|ARM.Deploy.0 = Release|ARM
		{7B689CCF-F691-4505-9A88-E3131E5FFA90}.Release|iPhone.ActiveCfg = Release|x86
		{7B689CCF-F691-4505-9A88-E3131E5FFA90}.Release|iPhone.Build.0 = Release|x86
		{7B689CCF-F691-4505-9A88-E3131E5FFA90}.Release|iPhone.Deploy.0 = Release|x86
		{7B689CCF-F691-4505-9A88-E3131E5FFA90}.Release|iPhoneSimulator.ActiveCfg = Release|x86
		{7B689CCF-F691-4505-9A88-E3131E5FFA90}.Release|iPhoneSimulator.Build.0 = Release|x86
		{7B689CCF-F691-4505-9A88-E3131E5FFA90}.Release|iPhoneSimulator.Deploy.0 = Release|x86
		{7B689CCF-F691-4505-9A88-E3131E5FFA90}.Release|x64.ActiveCfg = Release|x64
		{7B689CCF-F691-4505-9A88-E3131E5FFA90}.Release|x64.Build.0 = Release|x64
		{7B689CCF-F691-4505-9A88-E3131E5FFA90}.Release|x64.Deploy.0 = Release|x64
		{7B689CCF-F691-4505-9A88-E3131E5FFA90}.Release|x86.ActiveCfg = Release|x86
		{7B689CCF-F691-4505-9A88-E3131E5FFA90}.Release|x86.Build.0 = Release|x86
		{7B689CCF-F691-4505-9A88-E3131E5FFA90}.Release|x86.Deploy.0 = Release|x86
		{45E87979-38F8-42E6-B30A-EFF0DFE9D036}.Debug|Any CPU.ActiveCfg = Debug|Any CPU
		{45E87979-38F8-42E6-B30A-EFF0DFE9D036}.Debug|Any CPU.Build.0 = Debug|Any CPU
		{45E87979-38F8-42E6-B30A-EFF0DFE9D036}.Debug|Any CPU.Deploy.0 = Debug|Any CPU
		{45E87979-38F8-42E6-B30A-EFF0DFE9D036}.Debug|ARM.ActiveCfg = Debug|Any CPU
		{45E87979-38F8-42E6-B30A-EFF0DFE9D036}.Debug|ARM.Build.0 = Debug|Any CPU
		{45E87979-38F8-42E6-B30A-EFF0DFE9D036}.Debug|ARM.Deploy.0 = Debug|Any CPU
		{45E87979-38F8-42E6-B30A-EFF0DFE9D036}.Debug|iPhone.ActiveCfg = Debug|Any CPU
		{45E87979-38F8-42E6-B30A-EFF0DFE9D036}.Debug|iPhone.Build.0 = Debug|Any CPU
		{45E87979-38F8-42E6-B30A-EFF0DFE9D036}.Debug|iPhone.Deploy.0 = Debug|Any CPU
		{45E87979-38F8-42E6-B30A-EFF0DFE9D036}.Debug|iPhoneSimulator.ActiveCfg = Debug|Any CPU
		{45E87979-38F8-42E6-B30A-EFF0DFE9D036}.Debug|iPhoneSimulator.Build.0 = Debug|Any CPU
		{45E87979-38F8-42E6-B30A-EFF0DFE9D036}.Debug|iPhoneSimulator.Deploy.0 = Debug|Any CPU
		{45E87979-38F8-42E6-B30A-EFF0DFE9D036}.Debug|x64.ActiveCfg = Debug|Any CPU
		{45E87979-38F8-42E6-B30A-EFF0DFE9D036}.Debug|x64.Build.0 = Debug|Any CPU
		{45E87979-38F8-42E6-B30A-EFF0DFE9D036}.Debug|x64.Deploy.0 = Debug|Any CPU
		{45E87979-38F8-42E6-B30A-EFF0DFE9D036}.Debug|x86.ActiveCfg = Debug|Any CPU
		{45E87979-38F8-42E6-B30A-EFF0DFE9D036}.Debug|x86.Build.0 = Debug|Any CPU
		{45E87979-38F8-42E6-B30A-EFF0DFE9D036}.Debug|x86.Deploy.0 = Debug|Any CPU
		{45E87979-38F8-42E6-B30A-EFF0DFE9D036}.Release|Any CPU.ActiveCfg = Release|Any CPU
		{45E87979-38F8-42E6-B30A-EFF0DFE9D036}.Release|Any CPU.Build.0 = Release|Any CPU
		{45E87979-38F8-42E6-B30A-EFF0DFE9D036}.Release|Any CPU.Deploy.0 = Release|Any CPU
		{45E87979-38F8-42E6-B30A-EFF0DFE9D036}.Release|ARM.ActiveCfg = Release|Any CPU
		{45E87979-38F8-42E6-B30A-EFF0DFE9D036}.Release|ARM.Build.0 = Release|Any CPU
		{45E87979-38F8-42E6-B30A-EFF0DFE9D036}.Release|ARM.Deploy.0 = Release|Any CPU
		{45E87979-38F8-42E6-B30A-EFF0DFE9D036}.Release|iPhone.ActiveCfg = Release|Any CPU
		{45E87979-38F8-42E6-B30A-EFF0DFE9D036}.Release|iPhone.Build.0 = Release|Any CPU
		{45E87979-38F8-42E6-B30A-EFF0DFE9D036}.Release|iPhone.Deploy.0 = Release|Any CPU
		{45E87979-38F8-42E6-B30A-EFF0DFE9D036}.Release|iPhoneSimulator.ActiveCfg = Release|Any CPU
		{45E87979-38F8-42E6-B30A-EFF0DFE9D036}.Release|iPhoneSimulator.Build.0 = Release|Any CPU
		{45E87979-38F8-42E6-B30A-EFF0DFE9D036}.Release|iPhoneSimulator.Deploy.0 = Release|Any CPU
		{45E87979-38F8-42E6-B30A-EFF0DFE9D036}.Release|x64.ActiveCfg = Release|Any CPU
		{45E87979-38F8-42E6-B30A-EFF0DFE9D036}.Release|x64.Build.0 = Release|Any CPU
		{45E87979-38F8-42E6-B30A-EFF0DFE9D036}.Release|x64.Deploy.0 = Release|Any CPU
		{45E87979-38F8-42E6-B30A-EFF0DFE9D036}.Release|x86.ActiveCfg = Release|Any CPU
		{45E87979-38F8-42E6-B30A-EFF0DFE9D036}.Release|x86.Build.0 = Release|Any CPU
		{45E87979-38F8-42E6-B30A-EFF0DFE9D036}.Release|x86.Deploy.0 = Release|Any CPU
		{D767CFC4-7BAF-42ED-90B5-DB478E8DE3DF}.Debug|Any CPU.ActiveCfg = Debug|iPhone
		{D767CFC4-7BAF-42ED-90B5-DB478E8DE3DF}.Debug|Any CPU.Build.0 = Debug|iPhone
		{D767CFC4-7BAF-42ED-90B5-DB478E8DE3DF}.Debug|Any CPU.Deploy.0 = Debug|iPhone
		{D767CFC4-7BAF-42ED-90B5-DB478E8DE3DF}.Debug|ARM.ActiveCfg = Debug|iPhone
		{D767CFC4-7BAF-42ED-90B5-DB478E8DE3DF}.Debug|ARM.Build.0 = Debug|iPhone
		{D767CFC4-7BAF-42ED-90B5-DB478E8DE3DF}.Debug|ARM.Deploy.0 = Debug|iPhone
		{D767CFC4-7BAF-42ED-90B5-DB478E8DE3DF}.Debug|iPhone.ActiveCfg = Debug|iPhone
		{D767CFC4-7BAF-42ED-90B5-DB478E8DE3DF}.Debug|iPhone.Build.0 = Debug|iPhone
		{D767CFC4-7BAF-42ED-90B5-DB478E8DE3DF}.Debug|iPhone.Deploy.0 = Debug|iPhone
		{D767CFC4-7BAF-42ED-90B5-DB478E8DE3DF}.Debug|iPhoneSimulator.ActiveCfg = Debug|iPhoneSimulator
		{D767CFC4-7BAF-42ED-90B5-DB478E8DE3DF}.Debug|iPhoneSimulator.Build.0 = Debug|iPhoneSimulator
		{D767CFC4-7BAF-42ED-90B5-DB478E8DE3DF}.Debug|iPhoneSimulator.Deploy.0 = Debug|iPhoneSimulator
		{D767CFC4-7BAF-42ED-90B5-DB478E8DE3DF}.Debug|x64.ActiveCfg = Debug|iPhone
		{D767CFC4-7BAF-42ED-90B5-DB478E8DE3DF}.Debug|x64.Build.0 = Debug|iPhone
		{D767CFC4-7BAF-42ED-90B5-DB478E8DE3DF}.Debug|x64.Deploy.0 = Debug|iPhone
		{D767CFC4-7BAF-42ED-90B5-DB478E8DE3DF}.Debug|x86.ActiveCfg = Debug|iPhone
		{D767CFC4-7BAF-42ED-90B5-DB478E8DE3DF}.Debug|x86.Build.0 = Debug|iPhone
		{D767CFC4-7BAF-42ED-90B5-DB478E8DE3DF}.Debug|x86.Deploy.0 = Debug|iPhone
		{D767CFC4-7BAF-42ED-90B5-DB478E8DE3DF}.Release|Any CPU.ActiveCfg = Release|iPhone
		{D767CFC4-7BAF-42ED-90B5-DB478E8DE3DF}.Release|Any CPU.Build.0 = Release|iPhone
		{D767CFC4-7BAF-42ED-90B5-DB478E8DE3DF}.Release|Any CPU.Deploy.0 = Release|iPhone
		{D767CFC4-7BAF-42ED-90B5-DB478E8DE3DF}.Release|ARM.ActiveCfg = Release|iPhone
		{D767CFC4-7BAF-42ED-90B5-DB478E8DE3DF}.Release|ARM.Build.0 = Release|iPhone
		{D767CFC4-7BAF-42ED-90B5-DB478E8DE3DF}.Release|ARM.Deploy.0 = Release|iPhone
		{D767CFC4-7BAF-42ED-90B5-DB478E8DE3DF}.Release|iPhone.ActiveCfg = Release|iPhone
		{D767CFC4-7BAF-42ED-90B5-DB478E8DE3DF}.Release|iPhone.Build.0 = Release|iPhone
		{D767CFC4-7BAF-42ED-90B5-DB478E8DE3DF}.Release|iPhone.Deploy.0 = Release|iPhone
		{D767CFC4-7BAF-42ED-90B5-DB478E8DE3DF}.Release|iPhoneSimulator.ActiveCfg = Release|iPhoneSimulator
		{D767CFC4-7BAF-42ED-90B5-DB478E8DE3DF}.Release|iPhoneSimulator.Build.0 = Release|iPhoneSimulator
		{D767CFC4-7BAF-42ED-90B5-DB478E8DE3DF}.Release|iPhoneSimulator.Deploy.0 = Release|iPhoneSimulator
		{D767CFC4-7BAF-42ED-90B5-DB478E8DE3DF}.Release|x64.ActiveCfg = Release|iPhone
		{D767CFC4-7BAF-42ED-90B5-DB478E8DE3DF}.Release|x64.Build.0 = Release|iPhone
		{D767CFC4-7BAF-42ED-90B5-DB478E8DE3DF}.Release|x64.Deploy.0 = Release|iPhone
		{D767CFC4-7BAF-42ED-90B5-DB478E8DE3DF}.Release|x86.ActiveCfg = Release|iPhone
		{D767CFC4-7BAF-42ED-90B5-DB478E8DE3DF}.Release|x86.Build.0 = Release|iPhone
		{D767CFC4-7BAF-42ED-90B5-DB478E8DE3DF}.Release|x86.Deploy.0 = Release|iPhone
		{2E89F41A-C99D-4799-A34F-A9A4C01F6532}.Debug|Any CPU.ActiveCfg = Debug|Any CPU
		{2E89F41A-C99D-4799-A34F-A9A4C01F6532}.Debug|Any CPU.Build.0 = Debug|Any CPU
		{2E89F41A-C99D-4799-A34F-A9A4C01F6532}.Debug|Any CPU.Deploy.0 = Debug|Any CPU
		{2E89F41A-C99D-4799-A34F-A9A4C01F6532}.Debug|ARM.ActiveCfg = Debug|Any CPU
		{2E89F41A-C99D-4799-A34F-A9A4C01F6532}.Debug|ARM.Build.0 = Debug|Any CPU
		{2E89F41A-C99D-4799-A34F-A9A4C01F6532}.Debug|ARM.Deploy.0 = Debug|Any CPU
		{2E89F41A-C99D-4799-A34F-A9A4C01F6532}.Debug|iPhone.ActiveCfg = Debug|Any CPU
		{2E89F41A-C99D-4799-A34F-A9A4C01F6532}.Debug|iPhone.Build.0 = Debug|Any CPU
		{2E89F41A-C99D-4799-A34F-A9A4C01F6532}.Debug|iPhone.Deploy.0 = Debug|Any CPU
		{2E89F41A-C99D-4799-A34F-A9A4C01F6532}.Debug|iPhoneSimulator.ActiveCfg = Debug|Any CPU
		{2E89F41A-C99D-4799-A34F-A9A4C01F6532}.Debug|iPhoneSimulator.Build.0 = Debug|Any CPU
		{2E89F41A-C99D-4799-A34F-A9A4C01F6532}.Debug|iPhoneSimulator.Deploy.0 = Debug|Any CPU
		{2E89F41A-C99D-4799-A34F-A9A4C01F6532}.Debug|x64.ActiveCfg = Debug|Any CPU
		{2E89F41A-C99D-4799-A34F-A9A4C01F6532}.Debug|x64.Build.0 = Debug|Any CPU
		{2E89F41A-C99D-4799-A34F-A9A4C01F6532}.Debug|x64.Deploy.0 = Debug|Any CPU
		{2E89F41A-C99D-4799-A34F-A9A4C01F6532}.Debug|x86.ActiveCfg = Debug|Any CPU
		{2E89F41A-C99D-4799-A34F-A9A4C01F6532}.Debug|x86.Build.0 = Debug|Any CPU
		{2E89F41A-C99D-4799-A34F-A9A4C01F6532}.Debug|x86.Deploy.0 = Debug|Any CPU
		{2E89F41A-C99D-4799-A34F-A9A4C01F6532}.Release|Any CPU.ActiveCfg = Release|Any CPU
		{2E89F41A-C99D-4799-A34F-A9A4C01F6532}.Release|Any CPU.Build.0 = Release|Any CPU
		{2E89F41A-C99D-4799-A34F-A9A4C01F6532}.Release|Any CPU.Deploy.0 = Release|Any CPU
		{2E89F41A-C99D-4799-A34F-A9A4C01F6532}.Release|ARM.ActiveCfg = Release|Any CPU
		{2E89F41A-C99D-4799-A34F-A9A4C01F6532}.Release|ARM.Build.0 = Release|Any CPU
		{2E89F41A-C99D-4799-A34F-A9A4C01F6532}.Release|ARM.Deploy.0 = Release|Any CPU
		{2E89F41A-C99D-4799-A34F-A9A4C01F6532}.Release|iPhone.ActiveCfg = Release|Any CPU
		{2E89F41A-C99D-4799-A34F-A9A4C01F6532}.Release|iPhone.Build.0 = Release|Any CPU
		{2E89F41A-C99D-4799-A34F-A9A4C01F6532}.Release|iPhone.Deploy.0 = Release|Any CPU
		{2E89F41A-C99D-4799-A34F-A9A4C01F6532}.Release|iPhoneSimulator.ActiveCfg = Release|Any CPU
		{2E89F41A-C99D-4799-A34F-A9A4C01F6532}.Release|iPhoneSimulator.Build.0 = Release|Any CPU
		{2E89F41A-C99D-4799-A34F-A9A4C01F6532}.Release|iPhoneSimulator.Deploy.0 = Release|Any CPU
		{2E89F41A-C99D-4799-A34F-A9A4C01F6532}.Release|x64.ActiveCfg = Release|Any CPU
		{2E89F41A-C99D-4799-A34F-A9A4C01F6532}.Release|x64.Build.0 = Release|Any CPU
		{2E89F41A-C99D-4799-A34F-A9A4C01F6532}.Release|x64.Deploy.0 = Release|Any CPU
		{2E89F41A-C99D-4799-A34F-A9A4C01F6532}.Release|x86.ActiveCfg = Release|Any CPU
		{2E89F41A-C99D-4799-A34F-A9A4C01F6532}.Release|x86.Build.0 = Release|Any CPU
		{2E89F41A-C99D-4799-A34F-A9A4C01F6532}.Release|x86.Deploy.0 = Release|Any CPU
	EndGlobalSection
	GlobalSection(SolutionProperties) = preSolution
		HideSolutionNode = FALSE
	EndGlobalSection
	GlobalSection(ExtensibilityGlobals) = postSolution
		SolutionGuid = {C3A93C2F-EB14-40F5-BC25-AD022FBA6E3E}
	EndGlobalSection
EndGlobal
